// !$*UTF8*$!
{
	archiveVersion = 1;
	classes = {
	};
	objectVersion = 51;
	objects = {

/* Begin PBXBuildFile section */
		397AD8D0243DBCF0007F21E8 /* AppDelegate.swift in Sources */ = {isa = PBXBuildFile; fileRef = 397AD8CF243DBCF0007F21E8 /* AppDelegate.swift */; };
		397AD8D2243DBCF0007F21E8 /* SceneDelegate.swift in Sources */ = {isa = PBXBuildFile; fileRef = 397AD8D1243DBCF0007F21E8 /* SceneDelegate.swift */; };
		397AD8D4243DBCF0007F21E8 /* ViewController.swift in Sources */ = {isa = PBXBuildFile; fileRef = 397AD8D3243DBCF0007F21E8 /* ViewController.swift */; };
		397AD8D7243DBCF0007F21E8 /* Main.storyboard in Resources */ = {isa = PBXBuildFile; fileRef = 397AD8D5243DBCF0007F21E8 /* Main.storyboard */; };
		397AD8D9243DBCF5007F21E8 /* Assets.xcassets in Resources */ = {isa = PBXBuildFile; fileRef = 397AD8D8243DBCF5007F21E8 /* Assets.xcassets */; };
		397AD8DC243DBCF5007F21E8 /* LaunchScreen.storyboard in Resources */ = {isa = PBXBuildFile; fileRef = 397AD8DA243DBCF5007F21E8 /* LaunchScreen.storyboard */; };
		397AD8E624405DA6007F21E8 /* SettingViewController.swift in Sources */ = {isa = PBXBuildFile; fileRef = 397AD8E524405DA5007F21E8 /* SettingViewController.swift */; };
		397AD8E92441CCF4007F21E8 /* gong_start.mp3 in Resources */ = {isa = PBXBuildFile; fileRef = 397AD8E72441CCF2007F21E8 /* gong_start.mp3 */; };
		397AD8EA2441CCF5007F21E8 /* gong_finish.mp3 in Resources */ = {isa = PBXBuildFile; fileRef = 397AD8E82441CCF3007F21E8 /* gong_finish.mp3 */; };
		FD843CFD37F83CE4AE0F1D7B /* Pods_BoxTime.framework in Frameworks */ = {isa = PBXBuildFile; fileRef = 72D014BAC982B28C2A264674 /* Pods_BoxTime.framework */; };
/* End PBXBuildFile section */

/* Begin PBXFileReference section */
		397AD8CC243DBCEF007F21E8 /* BoxTime.app */ = {isa = PBXFileReference; explicitFileType = wrapper.application; includeInIndex = 0; path = BoxTime.app; sourceTree = BUILT_PRODUCTS_DIR; };
		397AD8CF243DBCF0007F21E8 /* AppDelegate.swift */ = {isa = PBXFileReference; lastKnownFileType = sourcecode.swift; path = AppDelegate.swift; sourceTree = "<group>"; };
		397AD8D1243DBCF0007F21E8 /* SceneDelegate.swift */ = {isa = PBXFileReference; lastKnownFileType = sourcecode.swift; path = SceneDelegate.swift; sourceTree = "<group>"; };
		397AD8D3243DBCF0007F21E8 /* ViewController.swift */ = {isa = PBXFileReference; lastKnownFileType = sourcecode.swift; path = ViewController.swift; sourceTree = "<group>"; };
		397AD8D6243DBCF0007F21E8 /* Base */ = {isa = PBXFileReference; lastKnownFileType = file.storyboard; name = Base; path = Base.lproj/Main.storyboard; sourceTree = "<group>"; };
		397AD8D8243DBCF5007F21E8 /* Assets.xcassets */ = {isa = PBXFileReference; lastKnownFileType = folder.assetcatalog; path = Assets.xcassets; sourceTree = "<group>"; };
		397AD8DB243DBCF5007F21E8 /* Base */ = {isa = PBXFileReference; lastKnownFileType = file.storyboard; name = Base; path = Base.lproj/LaunchScreen.storyboard; sourceTree = "<group>"; };
		397AD8DD243DBCF5007F21E8 /* Info.plist */ = {isa = PBXFileReference; lastKnownFileType = text.plist.xml; path = Info.plist; sourceTree = "<group>"; };
		397AD8E524405DA5007F21E8 /* SettingViewController.swift */ = {isa = PBXFileReference; lastKnownFileType = sourcecode.swift; path = SettingViewController.swift; sourceTree = "<group>"; };
		397AD8E72441CCF2007F21E8 /* gong_start.mp3 */ = {isa = PBXFileReference; lastKnownFileType = audio.mp3; path = gong_start.mp3; sourceTree = "<group>"; };
		397AD8E82441CCF3007F21E8 /* gong_finish.mp3 */ = {isa = PBXFileReference; lastKnownFileType = audio.mp3; path = gong_finish.mp3; sourceTree = "<group>"; };
		72D014BAC982B28C2A264674 /* Pods_BoxTime.framework */ = {isa = PBXFileReference; explicitFileType = wrapper.framework; includeInIndex = 0; path = Pods_BoxTime.framework; sourceTree = BUILT_PRODUCTS_DIR; };
		AC6996B5D9A92B069F92A553 /* Pods-BoxTime.debug.xcconfig */ = {isa = PBXFileReference; includeInIndex = 1; lastKnownFileType = text.xcconfig; name = "Pods-BoxTime.debug.xcconfig"; path = "Target Support Files/Pods-BoxTime/Pods-BoxTime.debug.xcconfig"; sourceTree = "<group>"; };
		E3F5045F3B6D59C531E13759 /* Pods-BoxTime.release.xcconfig */ = {isa = PBXFileReference; includeInIndex = 1; lastKnownFileType = text.xcconfig; name = "Pods-BoxTime.release.xcconfig"; path = "Target Support Files/Pods-BoxTime/Pods-BoxTime.release.xcconfig"; sourceTree = "<group>"; };
/* End PBXFileReference section */

/* Begin PBXFrameworksBuildPhase section */
		397AD8C9243DBCEF007F21E8 /* Frameworks */ = {
			isa = PBXFrameworksBuildPhase;
			buildActionMask = 2147483647;
			files = (
				FD843CFD37F83CE4AE0F1D7B /* Pods_BoxTime.framework in Frameworks */,
			);
			runOnlyForDeploymentPostprocessing = 0;
		};
/* End PBXFrameworksBuildPhase section */

/* Begin PBXGroup section */
		397AD8C3243DBCEF007F21E8 = {
			isa = PBXGroup;
			children = (
				397AD8CE243DBCF0007F21E8 /* BoxTime */,
				397AD8CD243DBCF0007F21E8 /* Products */,
				CEF762C5EED0A2D698CF7EEF /* Pods */,
				C459B901DE9F4D4C97D0E7E6 /* Frameworks */,
			);
			sourceTree = "<group>";
		};
		397AD8CD243DBCF0007F21E8 /* Products */ = {
			isa = PBXGroup;
			children = (
				397AD8CC243DBCEF007F21E8 /* BoxTime.app */,
			);
			name = Products;
			sourceTree = "<group>";
		};
		397AD8CE243DBCF0007F21E8 /* BoxTime */ = {
			isa = PBXGroup;
			children = (
				397AD8CF243DBCF0007F21E8 /* AppDelegate.swift */,
				397AD8D1243DBCF0007F21E8 /* SceneDelegate.swift */,
				397AD8D3243DBCF0007F21E8 /* ViewController.swift */,
				397AD8E82441CCF3007F21E8 /* gong_finish.mp3 */,
				397AD8E72441CCF2007F21E8 /* gong_start.mp3 */,
				397AD8D5243DBCF0007F21E8 /* Main.storyboard */,
				397AD8D8243DBCF5007F21E8 /* Assets.xcassets */,
				397AD8DA243DBCF5007F21E8 /* LaunchScreen.storyboard */,
				397AD8DD243DBCF5007F21E8 /* Info.plist */,
				397AD8E524405DA5007F21E8 /* SettingViewController.swift */,
			);
			path = BoxTime;
			sourceTree = "<group>";
		};
		C459B901DE9F4D4C97D0E7E6 /* Frameworks */ = {
			isa = PBXGroup;
			children = (
				72D014BAC982B28C2A264674 /* Pods_BoxTime.framework */,
			);
			name = Frameworks;
			sourceTree = "<group>";
		};
		CEF762C5EED0A2D698CF7EEF /* Pods */ = {
			isa = PBXGroup;
			children = (
				AC6996B5D9A92B069F92A553 /* Pods-BoxTime.debug.xcconfig */,
				E3F5045F3B6D59C531E13759 /* Pods-BoxTime.release.xcconfig */,
			);
			path = Pods;
			sourceTree = "<group>";
		};
/* End PBXGroup section */

/* Begin PBXNativeTarget section */
		397AD8CB243DBCEF007F21E8 /* BoxTime */ = {
			isa = PBXNativeTarget;
			buildConfigurationList = 397AD8E0243DBCF5007F21E8 /* Build configuration list for PBXNativeTarget "BoxTime" */;
			buildPhases = (
				54DF49D88D9C9DF312197FF9 /* [CP] Check Pods Manifest.lock */,
				397AD8C8243DBCEF007F21E8 /* Sources */,
				397AD8C9243DBCEF007F21E8 /* Frameworks */,
				397AD8CA243DBCEF007F21E8 /* Resources */,
				6837B307BA69052420C0DA49 /* [CP] Embed Pods Frameworks */,
			);
			buildRules = (
			);
			dependencies = (
			);
			name = BoxTime;
			productName = BoxTime;
			productReference = 397AD8CC243DBCEF007F21E8 /* BoxTime.app */;
			productType = "com.apple.product-type.application";
		};
/* End PBXNativeTarget section */

/* Begin PBXProject section */
		397AD8C4243DBCEF007F21E8 /* Project object */ = {
			isa = PBXProject;
			attributes = {
				LastSwiftUpdateCheck = 1130;
				LastUpgradeCheck = 1130;
				ORGANIZATIONNAME = tk;
				TargetAttributes = {
					397AD8CB243DBCEF007F21E8 = {
						CreatedOnToolsVersion = 11.3;
					};
				};
			};
			buildConfigurationList = 397AD8C7243DBCEF007F21E8 /* Build configuration list for PBXProject "BoxTime" */;
			compatibilityVersion = "Xcode 9.3";
			developmentRegion = en;
			hasScannedForEncodings = 0;
			knownRegions = (
				en,
				Base,
			);
			mainGroup = 397AD8C3243DBCEF007F21E8;
			productRefGroup = 397AD8CD243DBCF0007F21E8 /* Products */;
			projectDirPath = "";
			projectRoot = "";
			targets = (
				397AD8CB243DBCEF007F21E8 /* BoxTime */,
			);
		};
/* End PBXProject section */

/* Begin PBXResourcesBuildPhase section */
		397AD8CA243DBCEF007F21E8 /* Resources */ = {
			isa = PBXResourcesBuildPhase;
			buildActionMask = 2147483647;
			files = (
				397AD8E92441CCF4007F21E8 /* gong_start.mp3 in Resources */,
				397AD8EA2441CCF5007F21E8 /* gong_finish.mp3 in Resources */,
				397AD8DC243DBCF5007F21E8 /* LaunchScreen.storyboard in Resources */,
				397AD8D9243DBCF5007F21E8 /* Assets.xcassets in Resources */,
				397AD8D7243DBCF0007F21E8 /* Main.storyboard in Resources */,
			);
			runOnlyForDeploymentPostprocessing = 0;
		};
/* End PBXResourcesBuildPhase section */

/* Begin PBXShellScriptBuildPhase section */
		54DF49D88D9C9DF312197FF9 /* [CP] Check Pods Manifest.lock */ = {
			isa = PBXShellScriptBuildPhase;
			buildActionMask = 2147483647;
			files = (
			);
			inputFileListPaths = (
			);
			inputPaths = (
				"${PODS_PODFILE_DIR_PATH}/Podfile.lock",
				"${PODS_ROOT}/Manifest.lock",
			);
			name = "[CP] Check Pods Manifest.lock";
			outputFileListPaths = (
			);
			outputPaths = (
				"$(DERIVED_FILE_DIR)/Pods-BoxTime-checkManifestLockResult.txt",
			);
			runOnlyForDeploymentPostprocessing = 0;
			shellPath = /bin/sh;
			shellScript = "diff \"${PODS_PODFILE_DIR_PATH}/Podfile.lock\" \"${PODS_ROOT}/Manifest.lock\" > /dev/null\nif [ $? != 0 ] ; then\n    # print error to STDERR\n    echo \"error: The sandbox is not in sync with the Podfile.lock. Run 'pod install' or update your CocoaPods installation.\" >&2\n    exit 1\nfi\n# This output is used by Xcode 'outputs' to avoid re-running this script phase.\necho \"SUCCESS\" > \"${SCRIPT_OUTPUT_FILE_0}\"\n";
			showEnvVarsInLog = 0;
		};
		6837B307BA69052420C0DA49 /* [CP] Embed Pods Frameworks */ = {
			isa = PBXShellScriptBuildPhase;
			buildActionMask = 2147483647;
			files = (
			);
			inputFileListPaths = (
				"${PODS_ROOT}/Target Support Files/Pods-BoxTime/Pods-BoxTime-frameworks-${CONFIGURATION}-input-files.xcfilelist",
			);
			name = "[CP] Embed Pods Frameworks";
			outputFileListPaths = (
				"${PODS_ROOT}/Target Support Files/Pods-BoxTime/Pods-BoxTime-frameworks-${CONFIGURATION}-output-files.xcfilelist",
			);
			runOnlyForDeploymentPostprocessing = 0;
			shellPath = /bin/sh;
			shellScript = "\"${PODS_ROOT}/Target Support Files/Pods-BoxTime/Pods-BoxTime-frameworks.sh\"\n";
			showEnvVarsInLog = 0;
		};
/* End PBXShellScriptBuildPhase section */

/* Begin PBXSourcesBuildPhase section */
		397AD8C8243DBCEF007F21E8 /* Sources */ = {
			isa = PBXSourcesBuildPhase;
			buildActionMask = 2147483647;
			files = (
				397AD8D4243DBCF0007F21E8 /* ViewController.swift in Sources */,
				397AD8D0243DBCF0007F21E8 /* AppDelegate.swift in Sources */,
				397AD8D2243DBCF0007F21E8 /* SceneDelegate.swift in Sources */,
				397AD8E624405DA6007F21E8 /* SettingViewController.swift in Sources */,
			);
			runOnlyForDeploymentPostprocessing = 0;
		};
/* End PBXSourcesBuildPhase section */

/* Begin PBXVariantGroup section */
		397AD8D5243DBCF0007F21E8 /* Main.storyboard */ = {
			isa = PBXVariantGroup;
			children = (
				397AD8D6243DBCF0007F21E8 /* Base */,
			);
			name = Main.storyboard;
			sourceTree = "<group>";
		};
		397AD8DA243DBCF5007F21E8 /* LaunchScreen.storyboard */ = {
			isa = PBXVariantGroup;
			children = (
				397AD8DB243DBCF5007F21E8 /* Base */,
			);
			name = LaunchScreen.storyboard;
			sourceTree = "<group>";
		};
/* End PBXVariantGroup section */

/* Begin XCBuildConfiguration section */
		397AD8DE243DBCF5007F21E8 /* Debug */ = {
			isa = XCBuildConfiguration;
			buildSettings = {
				ALWAYS_SEARCH_USER_PATHS = NO;
				CLANG_ANALYZER_NONNULL = YES;
				CLANG_ANALYZER_NUMBER_OBJECT_CONVERSION = YES_AGGRESSIVE;
				CLANG_CXX_LANGUAGE_STANDARD = "gnu++14";
				CLANG_CXX_LIBRARY = "libc++";
				CLANG_ENABLE_MODULES = YES;
				CLANG_ENABLE_OBJC_ARC = YES;
				CLANG_ENABLE_OBJC_WEAK = YES;
				CLANG_WARN_BLOCK_CAPTURE_AUTORELEASING = YES;
				CLANG_WARN_BOOL_CONVERSION = YES;
				CLANG_WARN_COMMA = YES;
				CLANG_WARN_CONSTANT_CONVERSION = YES;
				CLANG_WARN_DEPRECATED_OBJC_IMPLEMENTATIONS = YES;
				CLANG_WARN_DIRECT_OBJC_ISA_USAGE = YES_ERROR;
				CLANG_WARN_DOCUMENTATION_COMMENTS = YES;
				CLANG_WARN_EMPTY_BODY = YES;
				CLANG_WARN_ENUM_CONVERSION = YES;
				CLANG_WARN_INFINITE_RECURSION = YES;
				CLANG_WARN_INT_CONVERSION = YES;
				CLANG_WARN_NON_LITERAL_NULL_CONVERSION = YES;
				CLANG_WARN_OBJC_IMPLICIT_RETAIN_SELF = YES;
				CLANG_WARN_OBJC_LITERAL_CONVERSION = YES;
				CLANG_WARN_OBJC_ROOT_CLASS = YES_ERROR;
				CLANG_WARN_RANGE_LOOP_ANALYSIS = YES;
				CLANG_WARN_STRICT_PROTOTYPES = YES;
				CLANG_WARN_SUSPICIOUS_MOVE = YES;
				CLANG_WARN_UNGUARDED_AVAILABILITY = YES_AGGRESSIVE;
				CLANG_WARN_UNREACHABLE_CODE = YES;
				CLANG_WARN__DUPLICATE_METHOD_MATCH = YES;
				COPY_PHASE_STRIP = NO;
				DEBUG_INFORMATION_FORMAT = dwarf;
				ENABLE_STRICT_OBJC_MSGSEND = YES;
				ENABLE_TESTABILITY = YES;
				GCC_C_LANGUAGE_STANDARD = gnu11;
				GCC_DYNAMIC_NO_PIC = NO;
				GCC_NO_COMMON_BLOCKS = YES;
				GCC_OPTIMIZATION_LEVEL = 0;
				GCC_PREPROCESSOR_DEFINITIONS = (
					"DEBUG=1",
					"$(inherited)",
				);
				GCC_WARN_64_TO_32_BIT_CONVERSION = YES;
				GCC_WARN_ABOUT_RETURN_TYPE = YES_ERROR;
				GCC_WARN_UNDECLARED_SELECTOR = YES;
				GCC_WARN_UNINITIALIZED_AUTOS = YES_AGGRESSIVE;
				GCC_WARN_UNUSED_FUNCTION = YES;
				GCC_WARN_UNUSED_VARIABLE = YES;
				IPHONEOS_DEPLOYMENT_TARGET = 13.2;
				MTL_ENABLE_DEBUG_INFO = INCLUDE_SOURCE;
				MTL_FAST_MATH = YES;
				ONLY_ACTIVE_ARCH = YES;
				SDKROOT = iphoneos;
				SWIFT_ACTIVE_COMPILATION_CONDITIONS = DEBUG;
				SWIFT_OPTIMIZATION_LEVEL = "-Onone";
			};
			name = Debug;
		};
		397AD8DF243DBCF5007F21E8 /* Release */ = {
			isa = XCBuildConfiguration;
			buildSettings = {
				ALWAYS_SEARCH_USER_PATHS = NO;
				CLANG_ANALYZER_NONNULL = YES;
				CLANG_ANALYZER_NUMBER_OBJECT_CONVERSION = YES_AGGRESSIVE;
				CLANG_CXX_LANGUAGE_STANDARD = "gnu++14";
				CLANG_CXX_LIBRARY = "libc++";
				CLANG_ENABLE_MODULES = YES;
				CLANG_ENABLE_OBJC_ARC = YES;
				CLANG_ENABLE_OBJC_WEAK = YES;
				CLANG_WARN_BLOCK_CAPTURE_AUTORELEASING = YES;
				CLANG_WARN_BOOL_CONVERSION = YES;
				CLANG_WARN_COMMA = YES;
				CLANG_WARN_CONSTANT_CONVERSION = YES;
				CLANG_WARN_DEPRECATED_OBJC_IMPLEMENTATIONS = YES;
				CLANG_WARN_DIRECT_OBJC_ISA_USAGE = YES_ERROR;
				CLANG_WARN_DOCUMENTATION_COMMENTS = YES;
				CLANG_WARN_EMPTY_BODY = YES;
				CLANG_WARN_ENUM_CONVERSION = YES;
				CLANG_WARN_INFINITE_RECURSION = YES;
				CLANG_WARN_INT_CONVERSION = YES;
				CLANG_WARN_NON_LITERAL_NULL_CONVERSION = YES;
				CLANG_WARN_OBJC_IMPLICIT_RETAIN_SELF = YES;
				CLANG_WARN_OBJC_LITERAL_CONVERSION = YES;
				CLANG_WARN_OBJC_ROOT_CLASS = YES_ERROR;
				CLANG_WARN_RANGE_LOOP_ANALYSIS = YES;
				CLANG_WARN_STRICT_PROTOTYPES = YES;
				CLANG_WARN_SUSPICIOUS_MOVE = YES;
				CLANG_WARN_UNGUARDED_AVAILABILITY = YES_AGGRESSIVE;
				CLANG_WARN_UNREACHABLE_CODE = YES;
				CLANG_WARN__DUPLICATE_METHOD_MATCH = YES;
				COPY_PHASE_STRIP = NO;
				DEBUG_INFORMATION_FORMAT = "dwarf-with-dsym";
				ENABLE_NS_ASSERTIONS = NO;
				ENABLE_STRICT_OBJC_MSGSEND = YES;
				GCC_C_LANGUAGE_STANDARD = gnu11;
				GCC_NO_COMMON_BLOCKS = YES;
				GCC_WARN_64_TO_32_BIT_CONVERSION = YES;
				GCC_WARN_ABOUT_RETURN_TYPE = YES_ERROR;
				GCC_WARN_UNDECLARED_SELECTOR = YES;
				GCC_WARN_UNINITIALIZED_AUTOS = YES_AGGRESSIVE;
				GCC_WARN_UNUSED_FUNCTION = YES;
				GCC_WARN_UNUSED_VARIABLE = YES;
				IPHONEOS_DEPLOYMENT_TARGET = 13.2;
				MTL_ENABLE_DEBUG_INFO = NO;
				MTL_FAST_MATH = YES;
				SDKROOT = iphoneos;
				SWIFT_COMPILATION_MODE = wholemodule;
				SWIFT_OPTIMIZATION_LEVEL = "-O";
				VALIDATE_PRODUCT = YES;
			};
			name = Release;
		};
		397AD8E1243DBCF5007F21E8 /* Debug */ = {
			isa = XCBuildConfiguration;
			baseConfigurationReference = AC6996B5D9A92B069F92A553 /* Pods-BoxTime.debug.xcconfig */;
			buildSettings = {
				ASSETCATALOG_COMPILER_APPICON_NAME = AppIcon;
				CODE_SIGN_STYLE = Automatic;
				DEVELOPMENT_TEAM = UN8UZKY2BZ;
				INFOPLIST_FILE = BoxTime/Info.plist;
				LD_RUNPATH_SEARCH_PATHS = (
					"$(inherited)",
					"@executable_path/Frameworks",
				);
				PRODUCT_BUNDLE_IDENTIFIER = jp.hotmail.oseans.BoxTime;
				PRODUCT_NAME = "$(TARGET_NAME)";
				SWIFT_VERSION = 5.0;
				TARGETED_DEVICE_FAMILY = "1,2";
			};
			name = Debug;
		};
		397AD8E2243DBCF5007F21E8 /* Release */ = {
			isa = XCBuildConfiguration;
			baseConfigurationReference = E3F5045F3B6D59C531E13759 /* Pods-BoxTime.release.xcconfig */;
			buildSettings = {
				ASSETCATALOG_COMPILER_APPICON_NAME = AppIcon;
				CODE_SIGN_STYLE = Automatic;
				DEVELOPMENT_TEAM = UN8UZKY2BZ;
				INFOPLIST_FILE = BoxTime/Info.plist;
				LD_RUNPATH_SEARCH_PATHS = (
					"$(inherited)",
					"@executable_path/Frameworks",
				);
				PRODUCT_BUNDLE_IDENTIFIER = jp.hotmail.oseans.BoxTime;
				PRODUCT_NAME = "$(TARGET_NAME)";
				SWIFT_VERSION = 5.0;
				TARGETED_DEVICE_FAMILY = "1,2";
			};
			name = Release;
		};
/* End XCBuildConfiguration section */

/* Begin XCConfigurationList section */
		397AD8C7243DBCEF007F21E8 /* Build configuration list for PBXProject "BoxTime" */ = {
			isa = XCConfigurationList;
			buildConfigurations = (
				397AD8DE243DBCF5007F21E8 /* Debug */,
				397AD8DF243DBCF5007F21E8 /* Release */,
			);
			defaultConfigurationIsVisible = 0;
			defaultConfigurationName = Release;
		};
		397AD8E0243DBCF5007F21E8 /* Build configuration list for PBXNativeTarget "BoxTime" */ = {
			isa = XCConfigurationList;
			buildConfigurations = (
				397AD8E1243DBCF5007F21E8 /* Debug */,
				397AD8E2243DBCF5007F21E8 /* Release */,
			);
			defaultConfigurationIsVisible = 0;
			defaultConfigurationName = Release;
		};
/* End XCConfigurationList section */
	};
	rootObject = 397AD8C4243DBCEF007F21E8 /* Project object */;
}
